{
  "originHash" : "a41aebe9ff4daa704a4ff1a2fbfaff004ac2123ee6e7b02c67aff3b0f24ebfbd",
  "pins" : [
    {
      "identity" : "posthog-ios",
      "kind" : "remoteSourceControl",
      "location" : "https://github.com/PostHog/posthog-ios",
      "state" : {
        "revision" : "cf6155963a6532c7b88e0cfa2b1d07595d6b6db6",
        "version" : "3.58.3"
      }
    },
    {
      "identity" : "sparkle",
      "kind" : "remoteSourceControl",
      "location" : "https://github.com/sparkle-project/Sparkle",
      "state" : {
        "revision" : "066e75a8b3e99962685d6a90cdd5293ebffd9261",
        "version" : "2.9.1"
      }
    }
  ],
  "version" : 3
}
